// !$*UTF8*$!
{
	archiveVersion = 1;
	classes = {
	};
	objectVersion = 48;
	objects = {

/* Begin PBXBuildFile section */
		A92667EC2005B87A0069DC43 /* AppDelegate.swift in Sources */ = {isa = PBXBuildFile; fileRef = A92667EB2005B87A0069DC43 /* AppDelegate.swift */; };
		A92667EE2005B87B0069DC43 /* ViewController.swift in Sources */ = {isa = PBXBuildFile; fileRef = A92667ED2005B87B0069DC43 /* ViewController.swift */; };
		A92667F12005B87B0069DC43 /* Main.storyboard in Resources */ = {isa = PBXBuildFile; fileRef = A92667EF2005B87B0069DC43 /* Main.storyboard */; };
		A92667F42005B87B0069DC43 /* mapperPrototype.xcdatamodeld in Sources */ = {isa = PBXBuildFile; fileRef = A92667F22005B87B0069DC43 /* mapperPrototype.xcdatamodeld */; };
		A92667F62005B87B0069DC43 /* Assets.xcassets in Resources */ = {isa = PBXBuildFile; fileRef = A92667F52005B87B0069DC43 /* Assets.xcassets */; };
		A92667F92005B87B0069DC43 /* LaunchScreen.storyboard in Resources */ = {isa = PBXBuildFile; fileRef = A92667F72005B87B0069DC43 /* LaunchScreen.storyboard */; };
/* End PBXBuildFile section */

/* Begin PBXFileReference section */
		A92667E82005B87A0069DC43 /* mapperPrototype.app */ = {isa = PBXFileReference; explicitFileType = wrapper.application; includeInIndex = 0; path = mapperPrototype.app; sourceTree = BUILT_PRODUCTS_DIR; };
		A92667EB2005B87A0069DC43 /* AppDelegate.swift */ = {isa = PBXFileReference; lastKnownFileType = sourcecode.swift; path = AppDelegate.swift; sourceTree = "<group>"; };
		A92667ED2005B87B0069DC43 /* ViewController.swift */ = {isa = PBXFileReference; lastKnownFileType = sourcecode.swift; path = ViewController.swift; sourceTree = "<group>"; };
		A92667F02005B87B0069DC43 /* Base */ = {isa = PBXFileReference; lastKnownFileType = file.storyboard; name = Base; path = Base.lproj/Main.storyboard; sourceTree = "<group>"; };
		A92667F32005B87B0069DC43 /* mapperPrototype.xcdatamodel */ = {isa = PBXFileReference; lastKnownFileType = wrapper.xcdatamodel; path = mapperPrototype.xcdatamodel; sourceTree = "<group>"; };
		A92667F52005B87B0069DC43 /* Assets.xcassets */ = {isa = PBXFileReference; lastKnownFileType = folder.assetcatalog; path = Assets.xcassets; sourceTree = "<group>"; };
		A92667F82005B87B0069DC43 /* Base */ = {isa = PBXFileReference; lastKnownFileType = file.storyboard; name = Base; path = Base.lproj/LaunchScreen.storyboard; sourceTree = "<group>"; };
		A92667FA2005B87B0069DC43 /* Info.plist */ = {isa = PBXFileReference; lastKnownFileType = text.plist.xml; path = Info.plist; sourceTree = "<group>"; };
/* End PBXFileReference section */

/* Begin PBXFrameworksBuildPhase section */
		A92667E52005B87A0069DC43 /* Frameworks */ = {
			isa = PBXFrameworksBuildPhase;
			buildActionMask = 2147483647;
			files = (
			);
			runOnlyForDeploymentPostprocessing = 0;
		};
/* End PBXFrameworksBuildPhase section */

/* Begin PBXGroup section */
		A92667DF2005B87A0069DC43 = {
			isa = PBXGroup;
			children = (
				A92667EA2005B87A0069DC43 /* mapperPrototype */,
				A92667E92005B87A0069DC43 /* Products */,
			);
			sourceTree = "<group>";
		};
		A92667E92005B87A0069DC43 /* Products */ = {
			isa = PBXGroup;
			children = (
				A92667E82005B87A0069DC43 /* mapperPrototype.app */,
			);
			name = Products;
			sourceTree = "<group>";
		};
		A92667EA2005B87A0069DC43 /* mapperPrototype */ = {
			isa = PBXGroup;
			children = (
				A92667EB2005B87A0069DC43 /* AppDelegate.swift */,
				A92667ED2005B87B0069DC43 /* ViewController.swift */,
				A92667EF2005B87B0069DC43 /* Main.storyboard */,
				A92667F52005B87B0069DC43 /* Assets.xcassets */,
				A92667F72005B87B0069DC43 /* LaunchScreen.storyboard */,
				A92667FA2005B87B0069DC43 /* Info.plist */,
				A92667F22005B87B0069DC43 /* mapperPrototype.xcdatamodeld */,
			);
			path = mapperPrototype;
			sourceTree = "<group>";
		};
/* End PBXGroup section */

/* Begin PBXNativeTarget section */
		A92667E72005B87A0069DC43 /* mapperPrototype */ = {
			isa = PBXNativeTarget;
			buildConfigurationList = A92667FD2005B87B0069DC43 /* Build configuration list for PBXNativeTarget "mapperPrototype" */;
			buildPhases = (
				A92667E42005B87A0069DC43 /* Sources */,
				A92667E52005B87A0069DC43 /* Frameworks */,
				A92667E62005B87A0069DC43 /* Resources */,
			);
			buildRules = (
			);
			dependencies = (
			);
			name = mapperPrototype;
			productName = mapperPrototype;
			productReference = A92667E82005B87A0069DC43 /* mapperPrototype.app */;
			productType = "com.apple.product-type.application";
		};
/* End PBXNativeTarget section */

/* Begin PBXProject section */
		A92667E02005B87A0069DC43 /* Project object */ = {
			isa = PBXProject;
			attributes = {
				LastSwiftUpdateCheck = 0920;
				LastUpgradeCheck = 0920;
				ORGANIZATIONNAME = BAM;
				TargetAttributes = {
					A92667E72005B87A0069DC43 = {
						CreatedOnToolsVersion = 9.2;
						ProvisioningStyle = Automatic;
					};
				};
			};
			buildConfigurationList = A92667E32005B87A0069DC43 /* Build configuration list for PBXProject "mapperPrototype" */;
			compatibilityVersion = "Xcode 8.0";
			developmentRegion = en;
			hasScannedForEncodings = 0;
			knownRegions = (
				en,
				Base,
			);
			mainGroup = A92667DF2005B87A0069DC43;
			productRefGroup = A92667E92005B87A0069DC43 /* Products */;
			projectDirPath = "";
			projectRoot = "";
			targets = (
				A92667E72005B87A0069DC43 /* mapperPrototype */,
			);
		};
/* End PBXProject section */

/* Begin PBXResourcesBuildPhase section */
		A92667E62005B87A0069DC43 /* Resources */ = {
			isa = PBXResourcesBuildPhase;
			buildActionMask = 2147483647;
			files = (
				A92667F92005B87B0069DC43 /* LaunchScreen.storyboard in Resources */,
				A92667F62005B87B0069DC43 /* Assets.xcassets in Resources */,
				A92667F12005B87B0069DC43 /* Main.storyboard in Resources */,
			);
			runOnlyForDeploymentPostprocessing = 0;
		};
/* End PBXResourcesBuildPhase section */

/* Begin PBXSourcesBuildPhase section */
		A92667E42005B87A0069DC43 /* Sources */ = {
			isa = PBXSourcesBuildPhase;
			buildActionMask = 2147483647;
			files = (
				A92667EE2005B87B0069DC43 /* ViewController.swift in Sources */,
				A92667EC2005B87A0069DC43 /* AppDelegate.swift in Sources */,
				A92667F42005B87B0069DC43 /* mapperPrototype.xcdatamodeld in Sources */,
			);
			runOnlyForDeploymentPostprocessing = 0;
		};
/* End PBXSourcesBuildPhase section */

/* Begin PBXVariantGroup section */
		A92667EF2005B87B0069DC43 /* Main.storyboard */ = {
			isa = PBXVariantGroup;
			children = (
				A92667F02005B87B0069DC43 /* Base */,
			);
			name = Main.storyboard;
			sourceTree = "<group>";
		};
		A92667F72005B87B0069DC43 /* LaunchScreen.storyboard */ = {
			isa = PBXVariantGroup;
			children = (
				A92667F82005B87B0069DC43 /* Base */,
			);
			name = LaunchScreen.storyboard;
			sourceTree = "<group>";
		};
/* End PBXVariantGroup section */

/* Begin XCBuildConfiguration section */
		A92667FB2005B87B0069DC43 /* Debug */ = {
			isa = XCBuildConfiguration;
			buildSettings = {
				ALWAYS_SEARCH_USER_PATHS = NO;
				CLANG_ANALYZER_NONNULL = YES;
				CLANG_ANALYZER_NUMBER_OBJECT_CONVERSION = YES_AGGRESSIVE;
				CLANG_CXX_LANGUAGE_STANDARD = "gnu++14";
				CLANG_CXX_LIBRARY = "libc++";
				CLANG_ENABLE_MODULES = YES;
				CLANG_ENABLE_OBJC_ARC = YES;
				CLANG_WARN_BLOCK_CAPTURE_AUTORELEASING = YES;
				CLANG_WARN_BOOL_CONVERSION = YES;
				CLANG_WARN_COMMA = YES;
				CLANG_WARN_CONSTANT_CONVERSION = YES;
				CLANG_WARN_DIRECT_OBJC_ISA_USAGE = YES_ERROR;
				CLANG_WARN_DOCUMENTATION_COMMENTS = YES;
				CLANG_WARN_EMPTY_BODY = YES;
				CLANG_WARN_ENUM_CONVERSION = YES;
				CLANG_WARN_INFINITE_RECURSION = YES;
				CLANG_WARN_INT_CONVERSION = YES;
				CLANG_WARN_NON_LITERAL_NULL_CONVERSION = YES;
				CLANG_WARN_OBJC_LITERAL_CONVERSION = YES;
				CLANG_WARN_OBJC_ROOT_CLASS = YES_ERROR;
				CLANG_WARN_RANGE_LOOP_ANALYSIS = YES;
				CLANG_WARN_STRICT_PROTOTYPES = YES;
				CLANG_WARN_SUSPICIOUS_MOVE = YES;
				CLANG_WARN_UNGUARDED_AVAILABILITY = YES_AGGRESSIVE;
				CLANG_WARN_UNREACHABLE_CODE = YES;
				CLANG_WARN__DUPLICATE_METHOD_MATCH = YES;
				CODE_SIGN_IDENTITY = "iPhone Developer";
				COPY_PHASE_STRIP = NO;
				DEBUG_INFORMATION_FORMAT = dwarf;
				ENABLE_STRICT_OBJC_MSGSEND = YES;
				ENABLE_TESTABILITY = YES;
				GCC_C_LANGUAGE_STANDARD = gnu11;
				GCC_DYNAMIC_NO_PIC = NO;
				GCC_NO_COMMON_BLOCKS = YES;
				GCC_OPTIMIZATION_LEVEL = 0;
				GCC_PREPROCESSOR_DEFINITIONS = (
					"DEBUG=1",
					"$(inherited)",
				);
				GCC_WARN_64_TO_32_BIT_CONVERSION = YES;
				GCC_WARN_ABOUT_RETURN_TYPE = YES_ERROR;
				GCC_WARN_UNDECLARED_SELECTOR = YES;
				GCC_WARN_UNINITIALIZED_AUTOS = YES_AGGRESSIVE;
				GCC_WARN_UNUSED_FUNCTION = YES;
				GCC_WARN_UNUSED_VARIABLE = YES;
				IPHONEOS_DEPLOYMENT_TARGET = 11.2;
				MTL_ENABLE_DEBUG_INFO = YES;
				ONLY_ACTIVE_ARCH = YES;
				SDKROOT = iphoneos;
				SWIFT_ACTIVE_COMPILATION_CONDITIONS = DEBUG;
				SWIFT_OPTIMIZATION_LEVEL = "-Onone";
			};
			name = Debug;
		};
		A92667FC2005B87B0069DC43 /* Release */ = {
			isa = XCBuildConfiguration;
			buildSettings = {
				ALWAYS_SEARCH_USER_PATHS = NO;
				CLANG_ANALYZER_NONNULL = YES;
				CLANG_ANALYZER_NUMBER_OBJECT_CONVERSION = YES_AGGRESSIVE;
				CLANG_CXX_LANGUAGE_STANDARD = "gnu++14";
				CLANG_CXX_LIBRARY = "libc++";
				CLANG_ENABLE_MODULES = YES;
				CLANG_ENABLE_OBJC_ARC = YES;
				CLANG_WARN_BLOCK_CAPTURE_AUTORELEASING = YES;
				CLANG_WARN_BOOL_CONVERSION = YES;
				CLANG_WARN_COMMA = YES;
				CLANG_WARN_CONSTANT_CONVERSION = YES;
				CLANG_WARN_DIRECT_OBJC_ISA_USAGE = YES_ERROR;
				CLANG_WARN_DOCUMENTATION_COMMENTS = YES;
				CLANG_WARN_EMPTY_BODY = YES;
				CLANG_WARN_ENUM_CONVERSION = YES;
				CLANG_WARN_INFINITE_RECURSION = YES;
				CLANG_WARN_INT_CONVERSION = YES;
				CLANG_WARN_NON_LITERAL_NULL_CONVERSION = YES;
				CLANG_WARN_OBJC_LITERAL_CONVERSION = YES;
				CLANG_WARN_OBJC_ROOT_CLASS = YES_ERROR;
				CLANG_WARN_RANGE_LOOP_ANALYSIS = YES;
				CLANG_WARN_STRICT_PROTOTYPES = YES;
				CLANG_WARN_SUSPICIOUS_MOVE = YES;
				CLANG_WARN_UNGUARDED_AVAILABILITY = YES_AGGRESSIVE;
				CLANG_WARN_UNREACHABLE_CODE = YES;
				CLANG_WARN__DUPLICATE_METHOD_MATCH = YES;
				CODE_SIGN_IDENTITY = "iPhone Developer";
				COPY_PHASE_STRIP = NO;
				DEBUG_INFORMATION_FORMAT = "dwarf-with-dsym";
				ENABLE_NS_ASSERTIONS = NO;
				ENABLE_STRICT_OBJC_MSGSEND = YES;
				GCC_C_LANGUAGE_STANDARD = gnu11;
				GCC_NO_COMMON_BLOCKS = YES;
				GCC_WARN_64_TO_32_BIT_CONVERSION = YES;
				GCC_WARN_ABOUT_RETURN_TYPE = YES_ERROR;
				GCC_WARN_UNDECLARED_SELECTOR = YES;
				GCC_WARN_UNINITIALIZED_AUTOS = YES_AGGRESSIVE;
				GCC_WARN_UNUSED_FUNCTION = YES;
				GCC_WARN_UNUSED_VARIABLE = YES;
				IPHONEOS_DEPLOYMENT_TARGET = 11.2;
				MTL_ENABLE_DEBUG_INFO = NO;
				SDKROOT = iphoneos;
				SWIFT_OPTIMIZATION_LEVEL = "-Owholemodule";
				VALIDATE_PRODUCT = YES;
			};
			name = Release;
		};
		A92667FE2005B87B0069DC43 /* Debug */ = {
			isa = XCBuildConfiguration;
			buildSettings = {
				ASSETCATALOG_COMPILER_APPICON_NAME = AppIcon;
				CODE_SIGN_STYLE = Automatic;
				DEVELOPMENT_TEAM = 42279ALPRK;
				INFOPLIST_FILE = mapperPrototype/Info.plist;
				LD_RUNPATH_SEARCH_PATHS = "$(inherited) @executable_path/Frameworks";
				PRODUCT_BUNDLE_IDENTIFIER = com.bam.mapperPrototype;
				PRODUCT_NAME = "$(TARGET_NAME)";
				SWIFT_VERSION = 4.0;
				TARGETED_DEVICE_FAMILY = "1,2";
			};
			name = Debug;
		};
		A92667FF2005B87B0069DC43 /* Release */ = {
			isa = XCBuildConfiguration;
			buildSettings = {
				ASSETCATALOG_COMPILER_APPICON_NAME = AppIcon;
				CODE_SIGN_STYLE = Automatic;
				DEVELOPMENT_TEAM = 42279ALPRK;
				INFOPLIST_FILE = mapperPrototype/Info.plist;
				LD_RUNPATH_SEARCH_PATHS = "$(inherited) @executable_path/Frameworks";
				PRODUCT_BUNDLE_IDENTIFIER = com.bam.mapperPrototype;
				PRODUCT_NAME = "$(TARGET_NAME)";
				SWIFT_VERSION = 4.0;
				TARGETED_DEVICE_FAMILY = "1,2";
			};
			name = Release;
		};
/* End XCBuildConfiguration section */

/* Begin XCConfigurationList section */
		A92667E32005B87A0069DC43 /* Build configuration list for PBXProject "mapperPrototype" */ = {
			isa = XCConfigurationList;
			buildConfigurations = (
				A92667FB2005B87B0069DC43 /* Debug */,
				A92667FC2005B87B0069DC43 /* Release */,
			);
			defaultConfigurationIsVisible = 0;
			defaultConfigurationName = Release;
		};
		A92667FD2005B87B0069DC43 /* Build configuration list for PBXNativeTarget "mapperPrototype" */ = {
			isa = XCConfigurationList;
			buildConfigurations = (
				A92667FE2005B87B0069DC43 /* Debug */,
				A92667FF2005B87B0069DC43 /* Release */,
			);
			defaultConfigurationIsVisible = 0;
			defaultConfigurationName = Release;
		};
/* End XCConfigurationList section */

/* Begin XCVersionGroup section */
		A92667F22005B87B0069DC43 /* mapperPrototype.xcdatamodeld */ = {
			isa = XCVersionGroup;
			children = (
				A92667F32005B87B0069DC43 /* mapperPrototype.xcdatamodel */,
			);
			currentVersion = A92667F32005B87B0069DC43 /* mapperPrototype.xcdatamodel */;
			path = mapperPrototype.xcdatamodeld;
			sourceTree = "<group>";
			versionGroupType = wrapper.xcdatamodel;
		};
/* End XCVersionGroup section */
	};
	rootObject = A92667E02005B87A0069DC43 /* Project object */;
}
